<?xml version="1.0" encoding="utf-8"?>
<Project ToolsVersion="4.0" xmlns="http://schemas.microsoft.com/developer/msbuild/2003">
  <ItemGroup>
    <Filter Include="Source Files">
      <UniqueIdentifier>{4FC737F1-C7A5-4376-A066-2A32D752A2FF}</UniqueIdentifier>
      <Extensions>cpp;c;cc;cxx;def;odl;idl;hpj;bat;asm;asmx</Extensions>
    </Filter>
    <Filter Include="Header Files">
      <UniqueIdentifier>{93995380-89BD-4b04-88EB-625FBE52EBFB}</UniqueIdentifier>
      <Extensions>h;hh;hpp;hxx;hm;inl;inc;ipp;xsd</Extensions>
    </Filter>
    <Filter Include="Resource Files">
      <UniqueIdentifier>{67DA6AB6-F800-4c08-8B7A-83BB121AAD01}</UniqueIdentifier>
      <Extensions>rc;ico;cur;bmp;dlg;rc2;rct;bin;rgs;gif;jpg;jpeg;jpe;resx;tiff;tif;png;wav;mfcribbon-ms</Extensions>
    </Filter>
    <Filter Include="Resource Files\RaceText">
      <UniqueIdentifier>{e2015d42-8482-4e72-a1b7-b8d9431e886d}</UniqueIdentifier>
    </Filter>
    <Filter Include="Resource Files\ClassText">
      <UniqueIdentifier>{9a63b45c-5bb9-478f-be3c-9dea44cbf027}</UniqueIdentifier>
    </Filter>
  </ItemGroup>
  <ItemGroup>
    <ClCompile Include="baseMenu.cpp">
      <Filter>Source Files</Filter>
    </ClCompile>
  </ItemGroup>
  <ItemGroup>
    <ClInclude Include="baseMenu.h">
      <Filter>Header Files</Filter>
    </ClInclude>
  </ItemGroup>
  <ItemGroup>
    <EmbeddedResource Include="baseMenu.resx">
      <Filter>Resource Files</Filter>
    </EmbeddedResource>
    <EmbeddedResource Include="RaceText.resx">
      <Filter>Resource Files</Filter>
    </EmbeddedResource>
    <EmbeddedResource Include="ClassText.resx">
      <Filter>Resource Files</Filter>
    </EmbeddedResource>
  </ItemGroup>
  <ItemGroup>
    <None Include="text\races\Anjian.rtf">
      <Filter>Resource Files\RaceText</Filter>
    </None>
    <None Include="text\races\Aquatic.rtf">
      <Filter>Resource Files\RaceText</Filter>
    </None>
    <None Include="text\races\Centaur.rtf">
      <Filter>Resource Files\RaceText</Filter>
    </None>
    <None Include="text\races\Crystalian.rtf">
      <Filter>Resource Files\RaceText</Filter>
    </None>
    <None Include="text\races\Dark Dragon.rtf">
      <Filter>Resource Files\RaceText</Filter>
    </None>
    <None Include="text\races\Dark Harpy.rtf">
      <Filter>Resource Files\RaceText</Filter>
    </None>
    <None Include="text\races\Dark.rtf">
      <Filter>Resource Files\RaceText</Filter>
    </None>
    <None Include="text\races\Demotos.rtf">
      <Filter>Resource Files\RaceText</Filter>
    </None>
    <None Include="text\races\Dragonoid.rtf">
      <Filter>Resource Files\RaceText</Filter>
    </None>
    <None Include="text\races\Edenian.rtf">
      <Filter>Resource Files\RaceText</Filter>
    </None>
    <None Include="text\races\Elite Dragon.rtf">
      <Filter>Resource Files\RaceText</Filter>
    </None>
    <None Include="text\races\Elite Fairy.rtf">
      <Filter>Resource Files\RaceText</Filter>
    </None>
    <None Include="text\races\Elven.rtf">
      <Filter>Resource Files\RaceText</Filter>
    </None>
    <None Include="text\races\Galvatos.rtf">
      <Filter>Resource Files\RaceText</Filter>
    </None>
    <None Include="text\races\Ghaust.rtf">
      <Filter>Resource Files\RaceText</Filter>
    </None>
    <None Include="text\races\Godling.rtf">
      <Filter>Resource Files\RaceText</Filter>
    </None>
    <None Include="text\races\Guarded Dragon.rtf">
      <Filter>Resource Files\RaceText</Filter>
    </None>
    <None Include="text\races\Harpy.rtf">
      <Filter>Resource Files\RaceText</Filter>
    </None>
    <None Include="text\races\Human.rtf">
      <Filter>Resource Files\RaceText</Filter>
    </None>
    <None Include="text\races\Ira.rtf">
      <Filter>Resource Files\RaceText</Filter>
    </None>
    <None Include="text\races\Light.rtf">
      <Filter>Resource Files\RaceText</Filter>
    </None>
    <None Include="text\races\Minotaur.rtf">
      <Filter>Resource Files\RaceText</Filter>
    </None>
    <None Include="text\races\Rubian.rtf">
      <Filter>Resource Files\RaceText</Filter>
    </None>
    <None Include="text\races\Shoan.rtf">
      <Filter>Resource Files\RaceText</Filter>
    </None>
    <None Include="text\races\Sylvan.rtf">
      <Filter>Resource Files\RaceText</Filter>
    </None>
    <None Include="text\races\Vampire.rtf">
      <Filter>Resource Files\RaceText</Filter>
    </None>
    <None Include="text\races\Youna.rtf">
      <Filter>Resource Files\RaceText</Filter>
    </None>
    <None Include="text\races\Ageless.rtf">
      <Filter>Resource Files\RaceText</Filter>
    </None>
    <None Include="text\classes\Alchemist.rtf">
      <Filter>Resource Files\ClassText</Filter>
    </None>
    <None Include="text\classes\Arsonist.rtf">
      <Filter>Resource Files\ClassText</Filter>
    </None>
    <None Include="text\classes\Assassin.rtf">
      <Filter>Resource Files\ClassText</Filter>
    </None>
    <None Include="text\classes\Defender.rtf">
      <Filter>Resource Files\ClassText</Filter>
    </None>
    <None Include="text\classes\Deity.rtf">
      <Filter>Resource Files\ClassText</Filter>
    </None>
    <None Include="text\classes\Dryad.rtf">
      <Filter>Resource Files\ClassText</Filter>
    </None>
    <None Include="text\classes\Elemental Shifter.rtf">
      <Filter>Resource Files\ClassText</Filter>
    </None>
    <None Include="text\classes\Feral.rtf">
      <Filter>Resource Files\ClassText</Filter>
    </None>
    <None Include="text\classes\Fiend.rtf">
      <Filter>Resource Files\ClassText</Filter>
    </None>
    <None Include="text\classes\Haunt.rtf">
      <Filter>Resource Files\ClassText</Filter>
    </None>
    <None Include="text\classes\Hookman.rtf">
      <Filter>Resource Files\ClassText</Filter>
    </None>
    <None Include="text\classes\Leach.rtf">
      <Filter>Resource Files\ClassText</Filter>
    </None>
    <None Include="text\classes\Loremaster.rtf">
      <Filter>Resource Files\ClassText</Filter>
    </None>
    <None Include="text\classes\Mancer.rtf">
      <Filter>Resource Files\ClassText</Filter>
    </None>
    <None Include="text\classes\Nature Tap.rtf">
      <Filter>Resource Files\ClassText</Filter>
    </None>
    <None Include="text\classes\Nomad.rtf">
      <Filter>Resource Files\ClassText</Filter>
    </None>
    <None Include="text\classes\Plasma Fighter.rtf">
      <Filter>Resource Files\ClassText</Filter>
    </None>
    <None Include="text\classes\Plasma Mage.rtf">
      <Filter>Resource Files\ClassText</Filter>
    </None>
    <None Include="text\classes\Priest.rtf">
      <Filter>Resource Files\ClassText</Filter>
    </None>
    <None Include="text\classes\Shaman.rtf">
      <Filter>Resource Files\ClassText</Filter>
    </None>
    <None Include="text\classes\Spirit Walker.rtf">
      <Filter>Resource Files\ClassText</Filter>
    </None>
    <None Include="text\classes\Tribal Mage.rtf">
      <Filter>Resource Files\ClassText</Filter>
    </None>
    <None Include="text\classes\Warlock.rtf">
      <Filter>Resource Files\ClassText</Filter>
    </None>
    <None Include="text\classes\Warrior.rtf">
      <Filter>Resource Files\ClassText</Filter>
    </None>
    <None Include="text\classes\Wind Swordsman.rtf">
      <Filter>Resource Files\ClassText</Filter>
    </None>
  </ItemGroup>
</Project>